
Microsoft Visual Studio Solution File, Format Version 12.00
# Visual Studio Version 17
VisualStudioVersion = 17.0.32126.317
MinimumVisualStudioVersion = 10.0.40219.1
Project("{FAE04EC0-301F-11D3-BF4B-00C04F79EFBC}") = "guitarr", "guitarr\guitarr.csproj", "{9B621B2C-AE87-4EF8-8674-6E9CC5DA88A7}"
EndProject
Global
	GlobalSection(SolutionConfigurationPlatforms) = preSolution
		Debug|Any CPU = Debug|Any CPU
		Release|Any CPU = Release|Any CPU
	EndGlobalSection
	GlobalSection(ProjectConfigurationPlatforms) = postSolution
		{9B621B2C-AE87-4EF8-8674-6E9CC5DA88A7}.Debug|Any CPU.ActiveCfg = Debug|Any CPU
		{9B621B2C-AE87-4EF8-8674-6E9CC5DA88A7}.Debug|Any CPU.Build.0 = Debug|Any CPU
		{9B621B2C-AE87-4EF8-8674-6E9CC5DA88A7}.Release|Any CPU.ActiveCfg = Release|Any CPU
		{9B621B2C-AE87-4EF8-8674-6E9CC5DA88A7}.Release|Any CPU.Build.0 = Release|Any CPU
	EndGlobalSection
	GlobalSection(SolutionProperties) = preSolution
		HideSolutionNode = FALSE
	EndGlobalSection
	GlobalSection(ExtensibilityGlobals) = postSolution
		SolutionGuid = {00E77339-13C6-49D2-9528-F4EE7A7E666F}
	EndGlobalSection
EndGlobal
